
Microsoft Visual Studio Solution File, Format Version 12.00
# Visual Studio Version 17
VisualStudioVersion = 17.14.36414.22
MinimumVisualStudioVersion = 10.0.40219.1
Project("{FAE04EC0-301F-11D3-BF4B-00C04F79EFBC}") = "z2", "z2.csproj", "{85EF3412-CF3C-428E-B45C-CBCAE5F58ADE}"
EndProject
Project("{FAE04EC0-301F-11D3-BF4B-00C04F79EFBC}") = "z3", "..\z3\z3.csproj", "{1699A8AB-EC4A-4FF4-9362-8AB424323701}"
EndProject
Project("{FAE04EC0-301F-11D3-BF4B-00C04F79EFBC}") = "z4", "..\z4\z4.csproj", "{04DB7A10-1184-47BA-8CD8-3EA89D03D8F0}"
EndProject
Project("{FAE04EC0-301F-11D3-BF4B-00C04F79EFBC}") = "z5", "..\z5\z5.csproj", "{BA1BADB6-028D-4759-B11A-A3DB76B3DC31}"
EndProject
Project("{FAE04EC0-301F-11D3-BF4B-00C04F79EFBC}") = "z6", "..\z6\z6.csproj", "{492523C4-D0DE-4FD3-B37B-0D6C0EEE14AE}"
EndProject
Project("{FAE04EC0-301F-11D3-BF4B-00C04F79EFBC}") = "z1", "..\z1\z1.csproj", "{1925F597-B1F0-47C1-91B0-B08EE81A5A9D}"
EndProject
Project("{FAE04EC0-301F-11D3-BF4B-00C04F79EFBC}") = "z7", "..\z7\z7.csproj", "{AECA3E27-8005-4465-8D20-17998AFB183F}"
EndProject
Global
	GlobalSection(SolutionConfigurationPlatforms) = preSolution
		Debug|Any CPU = Debug|Any CPU
		Release|Any CPU = Release|Any CPU
	EndGlobalSection
	GlobalSection(ProjectConfigurationPlatforms) = postSolution
		{85EF3412-CF3C-428E-B45C-CBCAE5F58ADE}.Debug|Any CPU.ActiveCfg = Debug|Any CPU
		{85EF3412-CF3C-428E-B45C-CBCAE5F58ADE}.Debug|Any CPU.Build.0 = Debug|Any CPU
		{85EF3412-CF3C-428E-B45C-CBCAE5F58ADE}.Release|Any CPU.ActiveCfg = Release|Any CPU
		{85EF3412-CF3C-428E-B45C-CBCAE5F58ADE}.Release|Any CPU.Build.0 = Release|Any CPU
		{1699A8AB-EC4A-4FF4-9362-8AB424323701}.Debug|Any CPU.ActiveCfg = Debug|Any CPU
		{1699A8AB-EC4A-4FF4-9362-8AB424323701}.Debug|Any CPU.Build.0 = Debug|Any CPU
		{1699A8AB-EC4A-4FF4-9362-8AB424323701}.Release|Any CPU.ActiveCfg = Release|Any CPU
		{1699A8AB-EC4A-4FF4-9362-8AB424323701}.Release|Any CPU.Build.0 = Release|Any CPU
		{04DB7A10-1184-47BA-8CD8-3EA89D03D8F0}.Debug|Any CPU.ActiveCfg = Debug|Any CPU
		{04DB7A10-1184-47BA-8CD8-3EA89D03D8F0}.Debug|Any CPU.Build.0 = Debug|Any CPU
		{04DB7A10-1184-47BA-8CD8-3EA89D03D8F0}.Release|Any CPU.ActiveCfg = Release|Any CPU
		{04DB7A10-1184-47BA-8CD8-3EA89D03D8F0}.Release|Any CPU.Build.0 = Release|Any CPU
		{BA1BADB6-028D-4759-B11A-A3DB76B3DC31}.Debug|Any CPU.ActiveCfg = Debug|Any CPU
		{BA1BADB6-028D-4759-B11A-A3DB76B3DC31}.Debug|Any CPU.Build.0 = Debug|Any CPU
		{BA1BADB6-028D-4759-B11A-A3DB76B3DC31}.Release|Any CPU.ActiveCfg = Release|Any CPU
		{BA1BADB6-028D-4759-B11A-A3DB76B3DC31}.Release|Any CPU.Build.0 = Release|Any CPU
		{492523C4-D0DE-4FD3-B37B-0D6C0EEE14AE}.Debug|Any CPU.ActiveCfg = Debug|Any CPU
		{492523C4-D0DE-4FD3-B37B-0D6C0EEE14AE}.Debug|Any CPU.Build.0 = Debug|Any CPU
		{492523C4-D0DE-4FD3-B37B-0D6C0EEE14AE}.Release|Any CPU.ActiveCfg = Release|Any CPU
		{492523C4-D0DE-4FD3-B37B-0D6C0EEE14AE}.Release|Any CPU.Build.0 = Release|Any CPU
		{1925F597-B1F0-47C1-91B0-B08EE81A5A9D}.Debug|Any CPU.ActiveCfg = Debug|Any CPU
		{1925F597-B1F0-47C1-91B0-B08EE81A5A9D}.Debug|Any CPU.Build.0 = Debug|Any CPU
		{1925F597-B1F0-47C1-91B0-B08EE81A5A9D}.Release|Any CPU.ActiveCfg = Release|Any CPU
		{1925F597-B1F0-47C1-91B0-B08EE81A5A9D}.Release|Any CPU.Build.0 = Release|Any CPU
		{AECA3E27-8005-4465-8D20-17998AFB183F}.Debug|Any CPU.ActiveCfg = Debug|Any CPU
		{AECA3E27-8005-4465-8D20-17998AFB183F}.Debug|Any CPU.Build.0 = Debug|Any CPU
		{AECA3E27-8005-4465-8D20-17998AFB183F}.Release|Any CPU.ActiveCfg = Release|Any CPU
		{AECA3E27-8005-4465-8D20-17998AFB183F}.Release|Any CPU.Build.0 = Release|Any CPU
	EndGlobalSection
	GlobalSection(SolutionProperties) = preSolution
		HideSolutionNode = FALSE
	EndGlobalSection
	GlobalSection(ExtensibilityGlobals) = postSolution
		SolutionGuid = {4BB1EFDB-E207-478A-B53C-A1185F84C5A2}
	EndGlobalSection
EndGlobal
